
Microsoft Visual Studio Solution File, Format Version 12.00
# Visual Studio Version 17
VisualStudioVersion = 17.0.32014.148
MinimumVisualStudioVersion = 10.0.40219.1
Project("{9A19103F-16F7-4668-BE54-9A1E7A4F7556}") = "DeliveryKing.OrderAPI", "DeliveryKing.OrderAPI\DeliveryKing.OrderAPI.csproj", "{FBBEA89A-0A8A-4745-962D-45D8DC651F48}"
EndProject
Project("{9A19103F-16F7-4668-BE54-9A1E7A4F7556}") = "DeliveryKing.Core", "DeliveryKing.Core\DeliveryKing.Core.csproj", "{DF9DD268-6AAA-4166-B1D6-531EA08FD75E}"
EndProject
Project("{9A19103F-16F7-4668-BE54-9A1E7A4F7556}") = "DeliveryKing.ViewModel", "DeliveryKing.ViewModel\DeliveryKing.ViewModel.csproj", "{C4D8A642-2136-42BF-B9B9-297FBAA8C755}"
EndProject
Global
	GlobalSection(SolutionConfigurationPlatforms) = preSolution
		Debug|Any CPU = Debug|Any CPU
		Release|Any CPU = Release|Any CPU
	EndGlobalSection
	GlobalSection(ProjectConfigurationPlatforms) = postSolution
		{FBBEA89A-0A8A-4745-962D-45D8DC651F48}.Debug|Any CPU.ActiveCfg = Debug|Any CPU
		{FBBEA89A-0A8A-4745-962D-45D8DC651F48}.Debug|Any CPU.Build.0 = Debug|Any CPU
		{FBBEA89A-0A8A-4745-962D-45D8DC651F48}.Release|Any CPU.ActiveCfg = Release|Any CPU
		{FBBEA89A-0A8A-4745-962D-45D8DC651F48}.Release|Any CPU.Build.0 = Release|Any CPU
		{DF9DD268-6AAA-4166-B1D6-531EA08FD75E}.Debug|Any CPU.ActiveCfg = Debug|Any CPU
		{DF9DD268-6AAA-4166-B1D6-531EA08FD75E}.Debug|Any CPU.Build.0 = Debug|Any CPU
		{DF9DD268-6AAA-4166-B1D6-531EA08FD75E}.Release|Any CPU.ActiveCfg = Release|Any CPU
		{DF9DD268-6AAA-4166-B1D6-531EA08FD75E}.Release|Any CPU.Build.0 = Release|Any CPU
		{C4D8A642-2136-42BF-B9B9-297FBAA8C755}.Debug|Any CPU.ActiveCfg = Debug|Any CPU
		{C4D8A642-2136-42BF-B9B9-297FBAA8C755}.Debug|Any CPU.Build.0 = Debug|Any CPU
		{C4D8A642-2136-42BF-B9B9-297FBAA8C755}.Release|Any CPU.ActiveCfg = Release|Any CPU
		{C4D8A642-2136-42BF-B9B9-297FBAA8C755}.Release|Any CPU.Build.0 = Release|Any CPU
	EndGlobalSection
	GlobalSection(SolutionProperties) = preSolution
		HideSolutionNode = FALSE
	EndGlobalSection
	GlobalSection(ExtensibilityGlobals) = postSolution
		SolutionGuid = {194FC81C-5383-403A-81C2-59AB2E42BD27}
	EndGlobalSection
EndGlobal
